
Microsoft Visual Studio Solution File, Format Version 12.00
# Visual Studio Version 17
VisualStudioVersion = 17.4.33122.133
MinimumVisualStudioVersion = 10.0.40219.1
Project("{FAE04EC0-301F-11D3-BF4B-00C04F79EFBC}") = "BLL", "ClassLibrary1\BLL.csproj", "{1FE79A8D-5E88-4B50-A317-87AF3C1849F9}"
EndProject
Project("{FAE04EC0-301F-11D3-BF4B-00C04F79EFBC}") = "CORE", "CORE\CORE.csproj", "{5021A91C-35FD-44B0-9097-2105150687EE}"
EndProject
Project("{FAE04EC0-301F-11D3-BF4B-00C04F79EFBC}") = "Library_CQRS_S_C_U_M_DesignPattern", "Library_CQRS_S_C_U_M_DesignPattern\Library_CQRS_S_C_U_M_DesignPattern.csproj", "{AAB79210-44E0-40C9-961C-E46D5ADD224E}"
EndProject
Global
	GlobalSection(SolutionConfigurationPlatforms) = preSolution
		Debug|Any CPU = Debug|Any CPU
		Release|Any CPU = Release|Any CPU
	EndGlobalSection
	GlobalSection(ProjectConfigurationPlatforms) = postSolution
		{1FE79A8D-5E88-4B50-A317-87AF3C1849F9}.Debug|Any CPU.ActiveCfg = Debug|Any CPU
		{1FE79A8D-5E88-4B50-A317-87AF3C1849F9}.Debug|Any CPU.Build.0 = Debug|Any CPU
		{1FE79A8D-5E88-4B50-A317-87AF3C1849F9}.Release|Any CPU.ActiveCfg = Release|Any CPU
		{1FE79A8D-5E88-4B50-A317-87AF3C1849F9}.Release|Any CPU.Build.0 = Release|Any CPU
		{5021A91C-35FD-44B0-9097-2105150687EE}.Debug|Any CPU.ActiveCfg = Debug|Any CPU
		{5021A91C-35FD-44B0-9097-2105150687EE}.Debug|Any CPU.Build.0 = Debug|Any CPU
		{5021A91C-35FD-44B0-9097-2105150687EE}.Release|Any CPU.ActiveCfg = Release|Any CPU
		{5021A91C-35FD-44B0-9097-2105150687EE}.Release|Any CPU.Build.0 = Release|Any CPU
		{AAB79210-44E0-40C9-961C-E46D5ADD224E}.Debug|Any CPU.ActiveCfg = Debug|Any CPU
		{AAB79210-44E0-40C9-961C-E46D5ADD224E}.Debug|Any CPU.Build.0 = Debug|Any CPU
		{AAB79210-44E0-40C9-961C-E46D5ADD224E}.Release|Any CPU.ActiveCfg = Release|Any CPU
		{AAB79210-44E0-40C9-961C-E46D5ADD224E}.Release|Any CPU.Build.0 = Release|Any CPU
	EndGlobalSection
	GlobalSection(SolutionProperties) = preSolution
		HideSolutionNode = FALSE
	EndGlobalSection
	GlobalSection(ExtensibilityGlobals) = postSolution
		SolutionGuid = {DBD0953F-7793-4551-A78C-C1A8497BF028}
	EndGlobalSection
EndGlobal
